
Microsoft Visual Studio Solution File, Format Version 12.00
# Visual Studio Version 17
VisualStudioVersion = 17.9.34616.47
MinimumVisualStudioVersion = 10.0.40219.1
Project("{9A19103F-16F7-4668-BE54-9A1E7A4F7556}") = "Api", "Api\Api.csproj", "{536B06BB-E6AF-497A-B940-B9BB4A783546}"
EndProject
Project("{FAE04EC0-301F-11D3-BF4B-00C04F79EFBC}") = "Domain", "Domain\Domain.csproj", "{3615539E-F4F0-403D-A983-59B65789935D}"
EndProject
Project("{FAE04EC0-301F-11D3-BF4B-00C04F79EFBC}") = "Application", "Application\Application.csproj", "{BB47811E-E5FF-4187-A2D1-0DE470A07FBD}"
EndProject
Project("{FAE04EC0-301F-11D3-BF4B-00C04F79EFBC}") = "Infrastructure", "Infrastructure\Infrastructure.csproj", "{C9629E20-B093-4A96-80FE-FF6F294C199F}"
EndProject
Global
	GlobalSection(SolutionConfigurationPlatforms) = preSolution
		Debug|Any CPU = Debug|Any CPU
		Release|Any CPU = Release|Any CPU
	EndGlobalSection
	GlobalSection(ProjectConfigurationPlatforms) = postSolution
		{536B06BB-E6AF-497A-B940-B9BB4A783546}.Debug|Any CPU.ActiveCfg = Debug|Any CPU
		{536B06BB-E6AF-497A-B940-B9BB4A783546}.Debug|Any CPU.Build.0 = Debug|Any CPU
		{536B06BB-E6AF-497A-B940-B9BB4A783546}.Release|Any CPU.ActiveCfg = Release|Any CPU
		{536B06BB-E6AF-497A-B940-B9BB4A783546}.Release|Any CPU.Build.0 = Release|Any CPU
		{3615539E-F4F0-403D-A983-59B65789935D}.Debug|Any CPU.ActiveCfg = Debug|Any CPU
		{3615539E-F4F0-403D-A983-59B65789935D}.Debug|Any CPU.Build.0 = Debug|Any CPU
		{3615539E-F4F0-403D-A983-59B65789935D}.Release|Any CPU.ActiveCfg = Release|Any CPU
		{3615539E-F4F0-403D-A983-59B65789935D}.Release|Any CPU.Build.0 = Release|Any CPU
		{BB47811E-E5FF-4187-A2D1-0DE470A07FBD}.Debug|Any CPU.ActiveCfg = Debug|Any CPU
		{BB47811E-E5FF-4187-A2D1-0DE470A07FBD}.Debug|Any CPU.Build.0 = Debug|Any CPU
		{BB47811E-E5FF-4187-A2D1-0DE470A07FBD}.Release|Any CPU.ActiveCfg = Release|Any CPU
		{BB47811E-E5FF-4187-A2D1-0DE470A07FBD}.Release|Any CPU.Build.0 = Release|Any CPU
		{C9629E20-B093-4A96-80FE-FF6F294C199F}.Debug|Any CPU.ActiveCfg = Debug|Any CPU
		{C9629E20-B093-4A96-80FE-FF6F294C199F}.Debug|Any CPU.Build.0 = Debug|Any CPU
		{C9629E20-B093-4A96-80FE-FF6F294C199F}.Release|Any CPU.ActiveCfg = Release|Any CPU
		{C9629E20-B093-4A96-80FE-FF6F294C199F}.Release|Any CPU.Build.0 = Release|Any CPU
	EndGlobalSection
	GlobalSection(SolutionProperties) = preSolution
		HideSolutionNode = FALSE
	EndGlobalSection
	GlobalSection(ExtensibilityGlobals) = postSolution
		SolutionGuid = {B941AC77-559F-46C9-8D07-909A2EA3464D}
	EndGlobalSection
EndGlobal
